
Microsoft Visual Studio Solution File, Format Version 12.00
# Visual Studio Version 16
VisualStudioVersion = 16.0.29306.81
MinimumVisualStudioVersion = 10.0.40219.1
Project("{9A19103F-16F7-4668-BE54-9A1E7A4F7556}") = "googleShop", "googleShop\googleShop.csproj", "{DC85711D-F3AD-4EF8-860B-8973C9BC32A2}"
EndProject
Project("{9A19103F-16F7-4668-BE54-9A1E7A4F7556}") = "Data", "DataAccess\Data.csproj", "{FEBB325A-CD05-4DAA-8E45-25DAE6002BB7}"
EndProject
Global
	GlobalSection(SolutionConfigurationPlatforms) = preSolution
		Debug|Any CPU = Debug|Any CPU
		Release|Any CPU = Release|Any CPU
	EndGlobalSection
	GlobalSection(ProjectConfigurationPlatforms) = postSolution
		{DC85711D-F3AD-4EF8-860B-8973C9BC32A2}.Debug|Any CPU.ActiveCfg = Debug|Any CPU
		{DC85711D-F3AD-4EF8-860B-8973C9BC32A2}.Debug|Any CPU.Build.0 = Debug|Any CPU
		{DC85711D-F3AD-4EF8-860B-8973C9BC32A2}.Release|Any CPU.ActiveCfg = Release|Any CPU
		{DC85711D-F3AD-4EF8-860B-8973C9BC32A2}.Release|Any CPU.Build.0 = Release|Any CPU
		{FEBB325A-CD05-4DAA-8E45-25DAE6002BB7}.Debug|Any CPU.ActiveCfg = Debug|Any CPU
		{FEBB325A-CD05-4DAA-8E45-25DAE6002BB7}.Debug|Any CPU.Build.0 = Debug|Any CPU
		{FEBB325A-CD05-4DAA-8E45-25DAE6002BB7}.Release|Any CPU.ActiveCfg = Release|Any CPU
		{FEBB325A-CD05-4DAA-8E45-25DAE6002BB7}.Release|Any CPU.Build.0 = Release|Any CPU
	EndGlobalSection
	GlobalSection(SolutionProperties) = preSolution
		HideSolutionNode = FALSE
	EndGlobalSection
	GlobalSection(ExtensibilityGlobals) = postSolution
		SolutionGuid = {C56E96AF-31CE-4E9C-83DE-D27BD7F2181D}
	EndGlobalSection
EndGlobal
